
Microsoft Visual Studio Solution File, Format Version 12.00
# Visual Studio 2012
Project("{FAE04EC0-301F-11D3-BF4B-00C04F79EFBC}") = "TileEditor", "TileEditor\TileEditor.csproj", "{DE635E90-9874-4629-93FC-193A82355B24}"
EndProject
Project("{FAE04EC0-301F-11D3-BF4B-00C04F79EFBC}") = "PluginFramework", "PluginFramework\PluginFramework.csproj", "{4873F71E-0A45-47F4-BEFD-ECBA86D76A04}"
EndProject
Project("{FAE04EC0-301F-11D3-BF4B-00C04F79EFBC}") = "TestImporter", "TestImporter\TestImporter.csproj", "{EEEF7880-FE38-4A57-83CA-E939FB1E71C7}"
EndProject
Project("{FAE04EC0-301F-11D3-BF4B-00C04F79EFBC}") = "EditorControls", "EditorControls\EditorControls.csproj", "{EA9CF67D-90B6-4459-B2C4-14B933463DF7}"
EndProject
Project("{FAE04EC0-301F-11D3-BF4B-00C04F79EFBC}") = "SpriteSheetStudio", "SpriteSheetStudio\SpriteSheetStudio.csproj", "{A1393F4A-304A-41CF-AB08-F03EEEBDA7F3}"
EndProject
Project("{FAE04EC0-301F-11D3-BF4B-00C04F79EFBC}") = "BasicSpriteImporter", "BasicSpriteImporter\BasicSpriteImporter.csproj", "{E8704CF4-8A12-48A9-AADD-4032BAE765A2}"
EndProject
Project("{FAE04EC0-301F-11D3-BF4B-00C04F79EFBC}") = "PluginInterfaces", "PluginInterfaces\PluginInterfaces.csproj", "{B7EC9638-E55B-45D3-9FBC-D2CE08BF0C08}"
EndProject
Project("{FAE04EC0-301F-11D3-BF4B-00C04F79EFBC}") = "SpriteSheetCommon", "SpriteSheetCommon\SpriteSheetCommon.csproj", "{9B1C3C4D-BB50-4DF4-AB57-E846CE3F281A}"
EndProject
Project("{FAE04EC0-301F-11D3-BF4B-00C04F79EFBC}") = "SpriteSheetExporter", "SpriteSheetExporter\SpriteSheetExporter.csproj", "{93952175-633F-409F-92F9-99E694364E75}"
EndProject
Project("{FAE04EC0-301F-11D3-BF4B-00C04F79EFBC}") = "GenericSpriteSheetImporter", "GenericSpriteSheetImporter\GenericSpriteSheetImporter.csproj", "{26759166-5804-4126-9CF2-D6393770BDF4}"
EndProject
Global
	GlobalSection(TeamFoundationVersionControl) = preSolution
		SccNumberOfProjects = 11
		SccEnterpriseProvider = {4CA58AB2-18FA-4F8D-95D4-32DDF27D184C}
		SccTeamFoundationServer = https://kunihiro.visualstudio.com/defaultcollection
		SccLocalPath0 = .
		SccProjectUniqueName1 = EditorControls\\EditorControls.csproj
		SccProjectName1 = EditorControls
		SccLocalPath1 = EditorControls
		SccProjectUniqueName2 = PluginFramework\\PluginFramework.csproj
		SccProjectName2 = PluginFramework
		SccLocalPath2 = PluginFramework
		SccProjectUniqueName3 = TestImporter\\TestImporter.csproj
		SccProjectName3 = TestImporter
		SccLocalPath3 = TestImporter
		SccProjectUniqueName4 = TileEditor\\TileEditor.csproj
		SccProjectName4 = TileEditor
		SccLocalPath4 = TileEditor
		SccProjectUniqueName5 = SpriteSheetStudio\\SpriteSheetStudio.csproj
		SccProjectName5 = SpriteSheetStudio
		SccLocalPath5 = SpriteSheetStudio
		SccProjectUniqueName6 = BasicSpriteImporter\\BasicSpriteImporter.csproj
		SccProjectName6 = BasicSpriteImporter
		SccLocalPath6 = BasicSpriteImporter
		SccProjectUniqueName7 = PluginInterfaces\\PluginInterfaces.csproj
		SccProjectName7 = PluginInterfaces
		SccLocalPath7 = PluginInterfaces
		SccProjectUniqueName8 = SpriteSheetCommon\\SpriteSheetCommon.csproj
		SccProjectName8 = SpriteSheetCommon
		SccLocalPath8 = SpriteSheetCommon
		SccProjectUniqueName9 = SpriteSheetExporter\\SpriteSheetExporter.csproj
		SccProjectName9 = SpriteSheetExporter
		SccLocalPath9 = SpriteSheetExporter
		SccProjectUniqueName10 = GenericSpriteSheetImporter\\GenericSpriteSheetImporter.csproj
		SccProjectName10 = GenericSpriteSheetImporter
		SccLocalPath10 = GenericSpriteSheetImporter
	EndGlobalSection
	GlobalSection(SolutionConfigurationPlatforms) = preSolution
		Debug|Any CPU = Debug|Any CPU
		Debug|Mixed Platforms = Debug|Mixed Platforms
		Debug|x86 = Debug|x86
		Release|Any CPU = Release|Any CPU
		Release|Mixed Platforms = Release|Mixed Platforms
		Release|x86 = Release|x86
	EndGlobalSection
	GlobalSection(ProjectConfigurationPlatforms) = postSolution
		{DE635E90-9874-4629-93FC-193A82355B24}.Debug|Any CPU.ActiveCfg = Debug|Any CPU
		{DE635E90-9874-4629-93FC-193A82355B24}.Debug|Any CPU.Build.0 = Debug|Any CPU
		{DE635E90-9874-4629-93FC-193A82355B24}.Debug|Mixed Platforms.ActiveCfg = Debug|Any CPU
		{DE635E90-9874-4629-93FC-193A82355B24}.Debug|Mixed Platforms.Build.0 = Debug|Any CPU
		{DE635E90-9874-4629-93FC-193A82355B24}.Debug|x86.ActiveCfg = Debug|Any CPU
		{DE635E90-9874-4629-93FC-193A82355B24}.Release|Any CPU.ActiveCfg = Release|Any CPU
		{DE635E90-9874-4629-93FC-193A82355B24}.Release|Any CPU.Build.0 = Release|Any CPU
		{DE635E90-9874-4629-93FC-193A82355B24}.Release|Mixed Platforms.ActiveCfg = Release|Any CPU
		{DE635E90-9874-4629-93FC-193A82355B24}.Release|Mixed Platforms.Build.0 = Release|Any CPU
		{DE635E90-9874-4629-93FC-193A82355B24}.Release|x86.ActiveCfg = Release|Any CPU
		{4873F71E-0A45-47F4-BEFD-ECBA86D76A04}.Debug|Any CPU.ActiveCfg = Debug|Any CPU
		{4873F71E-0A45-47F4-BEFD-ECBA86D76A04}.Debug|Any CPU.Build.0 = Debug|Any CPU
		{4873F71E-0A45-47F4-BEFD-ECBA86D76A04}.Debug|Mixed Platforms.ActiveCfg = Debug|Any CPU
		{4873F71E-0A45-47F4-BEFD-ECBA86D76A04}.Debug|Mixed Platforms.Build.0 = Debug|Any CPU
		{4873F71E-0A45-47F4-BEFD-ECBA86D76A04}.Debug|x86.ActiveCfg = Debug|Any CPU
		{4873F71E-0A45-47F4-BEFD-ECBA86D76A04}.Release|Any CPU.ActiveCfg = Release|Any CPU
		{4873F71E-0A45-47F4-BEFD-ECBA86D76A04}.Release|Any CPU.Build.0 = Release|Any CPU
		{4873F71E-0A45-47F4-BEFD-ECBA86D76A04}.Release|Mixed Platforms.ActiveCfg = Release|Any CPU
		{4873F71E-0A45-47F4-BEFD-ECBA86D76A04}.Release|Mixed Platforms.Build.0 = Release|Any CPU
		{4873F71E-0A45-47F4-BEFD-ECBA86D76A04}.Release|x86.ActiveCfg = Release|Any CPU
		{EEEF7880-FE38-4A57-83CA-E939FB1E71C7}.Debug|Any CPU.ActiveCfg = Debug|Any CPU
		{EEEF7880-FE38-4A57-83CA-E939FB1E71C7}.Debug|Any CPU.Build.0 = Debug|Any CPU
		{EEEF7880-FE38-4A57-83CA-E939FB1E71C7}.Debug|Mixed Platforms.ActiveCfg = Debug|Any CPU
		{EEEF7880-FE38-4A57-83CA-E939FB1E71C7}.Debug|Mixed Platforms.Build.0 = Debug|Any CPU
		{EEEF7880-FE38-4A57-83CA-E939FB1E71C7}.Debug|x86.ActiveCfg = Debug|Any CPU
		{EEEF7880-FE38-4A57-83CA-E939FB1E71C7}.Release|Any CPU.ActiveCfg = Release|Any CPU
		{EEEF7880-FE38-4A57-83CA-E939FB1E71C7}.Release|Any CPU.Build.0 = Release|Any CPU
		{EEEF7880-FE38-4A57-83CA-E939FB1E71C7}.Release|Mixed Platforms.ActiveCfg = Release|Any CPU
		{EEEF7880-FE38-4A57-83CA-E939FB1E71C7}.Release|Mixed Platforms.Build.0 = Release|Any CPU
		{EEEF7880-FE38-4A57-83CA-E939FB1E71C7}.Release|x86.ActiveCfg = Release|Any CPU
		{EA9CF67D-90B6-4459-B2C4-14B933463DF7}.Debug|Any CPU.ActiveCfg = Debug|Any CPU
		{EA9CF67D-90B6-4459-B2C4-14B933463DF7}.Debug|Any CPU.Build.0 = Debug|Any CPU
		{EA9CF67D-90B6-4459-B2C4-14B933463DF7}.Debug|Mixed Platforms.ActiveCfg = Debug|Any CPU
		{EA9CF67D-90B6-4459-B2C4-14B933463DF7}.Debug|Mixed Platforms.Build.0 = Debug|Any CPU
		{EA9CF67D-90B6-4459-B2C4-14B933463DF7}.Debug|x86.ActiveCfg = Debug|Any CPU
		{EA9CF67D-90B6-4459-B2C4-14B933463DF7}.Release|Any CPU.ActiveCfg = Release|Any CPU
		{EA9CF67D-90B6-4459-B2C4-14B933463DF7}.Release|Any CPU.Build.0 = Release|Any CPU
		{EA9CF67D-90B6-4459-B2C4-14B933463DF7}.Release|Mixed Platforms.ActiveCfg = Release|Any CPU
		{EA9CF67D-90B6-4459-B2C4-14B933463DF7}.Release|Mixed Platforms.Build.0 = Release|Any CPU
		{EA9CF67D-90B6-4459-B2C4-14B933463DF7}.Release|x86.ActiveCfg = Release|Any CPU
		{A1393F4A-304A-41CF-AB08-F03EEEBDA7F3}.Debug|Any CPU.ActiveCfg = Debug|Any CPU
		{A1393F4A-304A-41CF-AB08-F03EEEBDA7F3}.Debug|Any CPU.Build.0 = Debug|Any CPU
		{A1393F4A-304A-41CF-AB08-F03EEEBDA7F3}.Debug|Mixed Platforms.ActiveCfg = Debug|Any CPU
		{A1393F4A-304A-41CF-AB08-F03EEEBDA7F3}.Debug|Mixed Platforms.Build.0 = Debug|Any CPU
		{A1393F4A-304A-41CF-AB08-F03EEEBDA7F3}.Debug|x86.ActiveCfg = Debug|Any CPU
		{A1393F4A-304A-41CF-AB08-F03EEEBDA7F3}.Release|Any CPU.ActiveCfg = Release|Any CPU
		{A1393F4A-304A-41CF-AB08-F03EEEBDA7F3}.Release|Any CPU.Build.0 = Release|Any CPU
		{A1393F4A-304A-41CF-AB08-F03EEEBDA7F3}.Release|Mixed Platforms.ActiveCfg = Release|Any CPU
		{A1393F4A-304A-41CF-AB08-F03EEEBDA7F3}.Release|Mixed Platforms.Build.0 = Release|Any CPU
		{A1393F4A-304A-41CF-AB08-F03EEEBDA7F3}.Release|x86.ActiveCfg = Release|Any CPU
		{E8704CF4-8A12-48A9-AADD-4032BAE765A2}.Debug|Any CPU.ActiveCfg = Debug|Any CPU
		{E8704CF4-8A12-48A9-AADD-4032BAE765A2}.Debug|Any CPU.Build.0 = Debug|Any CPU
		{E8704CF4-8A12-48A9-AADD-4032BAE765A2}.Debug|Mixed Platforms.ActiveCfg = Debug|Any CPU
		{E8704CF4-8A12-48A9-AADD-4032BAE765A2}.Debug|Mixed Platforms.Build.0 = Debug|Any CPU
		{E8704CF4-8A12-48A9-AADD-4032BAE765A2}.Debug|x86.ActiveCfg = Debug|Any CPU
		{E8704CF4-8A12-48A9-AADD-4032BAE765A2}.Release|Any CPU.ActiveCfg = Release|Any CPU
		{E8704CF4-8A12-48A9-AADD-4032BAE765A2}.Release|Any CPU.Build.0 = Release|Any CPU
		{E8704CF4-8A12-48A9-AADD-4032BAE765A2}.Release|Mixed Platforms.ActiveCfg = Release|Any CPU
		{E8704CF4-8A12-48A9-AADD-4032BAE765A2}.Release|Mixed Platforms.Build.0 = Release|Any CPU
		{E8704CF4-8A12-48A9-AADD-4032BAE765A2}.Release|x86.ActiveCfg = Release|Any CPU
		{B7EC9638-E55B-45D3-9FBC-D2CE08BF0C08}.Debug|Any CPU.ActiveCfg = Debug|Any CPU
		{B7EC9638-E55B-45D3-9FBC-D2CE08BF0C08}.Debug|Any CPU.Build.0 = Debug|Any CPU
		{B7EC9638-E55B-45D3-9FBC-D2CE08BF0C08}.Debug|Mixed Platforms.ActiveCfg = Debug|Any CPU
		{B7EC9638-E55B-45D3-9FBC-D2CE08BF0C08}.Debug|Mixed Platforms.Build.0 = Debug|Any CPU
		{B7EC9638-E55B-45D3-9FBC-D2CE08BF0C08}.Debug|x86.ActiveCfg = Debug|Any CPU
		{B7EC9638-E55B-45D3-9FBC-D2CE08BF0C08}.Release|Any CPU.ActiveCfg = Release|Any CPU
		{B7EC9638-E55B-45D3-9FBC-D2CE08BF0C08}.Release|Any CPU.Build.0 = Release|Any CPU
		{B7EC9638-E55B-45D3-9FBC-D2CE08BF0C08}.Release|Mixed Platforms.ActiveCfg = Release|Any CPU
		{B7EC9638-E55B-45D3-9FBC-D2CE08BF0C08}.Release|Mixed Platforms.Build.0 = Release|Any CPU
		{B7EC9638-E55B-45D3-9FBC-D2CE08BF0C08}.Release|x86.ActiveCfg = Release|Any CPU
		{9B1C3C4D-BB50-4DF4-AB57-E846CE3F281A}.Debug|Any CPU.ActiveCfg = Debug|Any CPU
		{9B1C3C4D-BB50-4DF4-AB57-E846CE3F281A}.Debug|Any CPU.Build.0 = Debug|Any CPU
		{9B1C3C4D-BB50-4DF4-AB57-E846CE3F281A}.Debug|Mixed Platforms.ActiveCfg = Debug|Any CPU
		{9B1C3C4D-BB50-4DF4-AB57-E846CE3F281A}.Debug|Mixed Platforms.Build.0 = Debug|Any CPU
		{9B1C3C4D-BB50-4DF4-AB57-E846CE3F281A}.Debug|x86.ActiveCfg = Debug|Any CPU
		{9B1C3C4D-BB50-4DF4-AB57-E846CE3F281A}.Release|Any CPU.ActiveCfg = Release|Any CPU
		{9B1C3C4D-BB50-4DF4-AB57-E846CE3F281A}.Release|Any CPU.Build.0 = Release|Any CPU
		{9B1C3C4D-BB50-4DF4-AB57-E846CE3F281A}.Release|Mixed Platforms.ActiveCfg = Release|Any CPU
		{9B1C3C4D-BB50-4DF4-AB57-E846CE3F281A}.Release|Mixed Platforms.Build.0 = Release|Any CPU
		{9B1C3C4D-BB50-4DF4-AB57-E846CE3F281A}.Release|x86.ActiveCfg = Release|Any CPU
		{93952175-633F-409F-92F9-99E694364E75}.Debug|Any CPU.ActiveCfg = Debug|Any CPU
		{93952175-633F-409F-92F9-99E694364E75}.Debug|Any CPU.Build.0 = Debug|Any CPU
		{93952175-633F-409F-92F9-99E694364E75}.Debug|Mixed Platforms.ActiveCfg = Debug|Any CPU
		{93952175-633F-409F-92F9-99E694364E75}.Debug|Mixed Platforms.Build.0 = Debug|Any CPU
		{93952175-633F-409F-92F9-99E694364E75}.Debug|x86.ActiveCfg = Debug|Any CPU
		{93952175-633F-409F-92F9-99E694364E75}.Release|Any CPU.ActiveCfg = Release|Any CPU
		{93952175-633F-409F-92F9-99E694364E75}.Release|Any CPU.Build.0 = Release|Any CPU
		{93952175-633F-409F-92F9-99E694364E75}.Release|Mixed Platforms.ActiveCfg = Release|Any CPU
		{93952175-633F-409F-92F9-99E694364E75}.Release|Mixed Platforms.Build.0 = Release|Any CPU
		{93952175-633F-409F-92F9-99E694364E75}.Release|x86.ActiveCfg = Release|Any CPU
		{26759166-5804-4126-9CF2-D6393770BDF4}.Debug|Any CPU.ActiveCfg = Debug|Any CPU
		{26759166-5804-4126-9CF2-D6393770BDF4}.Debug|Any CPU.Build.0 = Debug|Any CPU
		{26759166-5804-4126-9CF2-D6393770BDF4}.Debug|Mixed Platforms.ActiveCfg = Debug|Any CPU
		{26759166-5804-4126-9CF2-D6393770BDF4}.Debug|Mixed Platforms.Build.0 = Debug|Any CPU
		{26759166-5804-4126-9CF2-D6393770BDF4}.Debug|x86.ActiveCfg = Debug|Any CPU
		{26759166-5804-4126-9CF2-D6393770BDF4}.Release|Any CPU.ActiveCfg = Release|Any CPU
		{26759166-5804-4126-9CF2-D6393770BDF4}.Release|Any CPU.Build.0 = Release|Any CPU
		{26759166-5804-4126-9CF2-D6393770BDF4}.Release|Mixed Platforms.ActiveCfg = Release|Any CPU
		{26759166-5804-4126-9CF2-D6393770BDF4}.Release|Mixed Platforms.Build.0 = Release|Any CPU
		{26759166-5804-4126-9CF2-D6393770BDF4}.Release|x86.ActiveCfg = Release|Any CPU
	EndGlobalSection
	GlobalSection(SolutionProperties) = preSolution
		HideSolutionNode = FALSE
	EndGlobalSection
EndGlobal
